
Microsoft Visual Studio Solution File, Format Version 12.00
# Visual Studio Version 17
VisualStudioVersion = 17.7.34024.191
MinimumVisualStudioVersion = 10.0.40219.1
Project("{FAE04EC0-301F-11D3-BF4B-00C04F79EFBC}") = "Parcheggio", "Parcheggio.csproj", "{76CF9855-5977-4761-B538-FEDB587581C3}"
EndProject
Global
	GlobalSection(SolutionConfigurationPlatforms) = preSolution
		Debug|Any CPU = Debug|Any CPU
		Release|Any CPU = Release|Any CPU
	EndGlobalSection
	GlobalSection(ProjectConfigurationPlatforms) = postSolution
		{76CF9855-5977-4761-B538-FEDB587581C3}.Debug|Any CPU.ActiveCfg = Debug|Any CPU
		{76CF9855-5977-4761-B538-FEDB587581C3}.Debug|Any CPU.Build.0 = Debug|Any CPU
		{76CF9855-5977-4761-B538-FEDB587581C3}.Release|Any CPU.ActiveCfg = Release|Any CPU
		{76CF9855-5977-4761-B538-FEDB587581C3}.Release|Any CPU.Build.0 = Release|Any CPU
	EndGlobalSection
	GlobalSection(SolutionProperties) = preSolution
		HideSolutionNode = FALSE
	EndGlobalSection
	GlobalSection(ExtensibilityGlobals) = postSolution
		SolutionGuid = {468A774C-67AE-422C-8E5B-DC85F8849447}
	EndGlobalSection
EndGlobal
